PODS:
  - Flutter (1.0.0)
  - flutternativeaccess (0.0.1):
    - Flutter

DEPENDENCIES:
  - Flutter (from `Flutter`)
  - flutternativeaccess (from `.symlinks/plugins/flutternativeaccess/ios`)

EXTERNAL SOURCES:
  Flutter:
    :path: Flutter
  flutternativeaccess:
    :path: ".symlinks/plugins/flutternativeaccess/ios"

SPEC CHECKSUMS:
  Flutter: 0e3d915762c693b495b44d77113d4970485de6ec
  flutternativeaccess: 3e3eaeedbc6413f9d5155c64f8a3dbdf7a199cb8

PODFILE CHECKSUM: 1b66dae606f75376c5f2135a8290850eeb09ae83

COCOAPODS: 1.9.1
